
Microsoft Visual Studio Solution File, Format Version 12.00
# Visual Studio Version 16
VisualStudioVersion = 16.0.30011.22
MinimumVisualStudioVersion = 10.0.40219.1
Project("{FAE04EC0-301F-11D3-BF4B-00C04F79EFBC}") = "Checksum", "Checksum.csproj", "{C9956F0A-3838-4060-B51F-AB9490B8BA1E}"
EndProject
Global
	GlobalSection(SolutionConfigurationPlatforms) = preSolution
		Debug|Any CPU = Debug|Any CPU
		Release|Any CPU = Release|Any CPU
	EndGlobalSection
	GlobalSection(ProjectConfigurationPlatforms) = postSolution
		{C9956F0A-3838-4060-B51F-AB9490B8BA1E}.Debug|Any CPU.ActiveCfg = Debug|Any CPU
		{C9956F0A-3838-4060-B51F-AB9490B8BA1E}.Debug|Any CPU.Build.0 = Debug|Any CPU
		{C9956F0A-3838-4060-B51F-AB9490B8BA1E}.Release|Any CPU.ActiveCfg = Release|Any CPU
		{C9956F0A-3838-4060-B51F-AB9490B8BA1E}.Release|Any CPU.Build.0 = Release|Any CPU
	EndGlobalSection
	GlobalSection(SolutionProperties) = preSolution
		HideSolutionNode = FALSE
	EndGlobalSection
	GlobalSection(ExtensibilityGlobals) = postSolution
		SolutionGuid = {ABCEA33E-7C3C-47F0-9530-DF93F126438F}
	EndGlobalSection
EndGlobal
